
Microsoft Visual Studio Solution File, Format Version 12.00
# Visual Studio 14
VisualStudioVersion = 14.0.22823.1
MinimumVisualStudioVersion = 10.0.40219.1
Project("{2150E333-8FDC-42A3-9474-1A3956D46DE8}") = "source", "source", "{055EAADB-DCCD-43E0-A923-1A5EAF8305A4}"
EndProject
Project("{2150E333-8FDC-42A3-9474-1A3956D46DE8}") = "solutionitems", "solutionitems", "{AD0A425E-B6BA-480F-A0F2-09C1AA12465F}"
	ProjectSection(SolutionItems) = preProject
		SolutionInfo.cs = SolutionInfo.cs
	EndProjectSection
EndProject
Project("{FAE04EC0-301F-11D3-BF4B-00C04F79EFBC}") = "Common.Assertions", "Common.Assertions\Common.Assertions.csproj", "{E166C9CA-FE3B-4C73-AEE1-D3DA4A240174}"
EndProject
Project("{FAE04EC0-301F-11D3-BF4B-00C04F79EFBC}") = "Common.Logging", "Common.Logging\Common.Logging.csproj", "{A72001AF-A51E-4906-B060-588C9D569728}"
EndProject
Project("{FAE04EC0-301F-11D3-BF4B-00C04F79EFBC}") = "Common.Exceptions", "Common.Exceptions\Common.Exceptions.csproj", "{0C9780A3-B68C-4BAE-AFF9-ECC2A3860F4E}"
EndProject
Project("{FAE04EC0-301F-11D3-BF4B-00C04F79EFBC}") = "Common.Errors", "Common.ErrorCodes\Common.Errors.csproj", "{485F690B-5965-485F-9092-3D19F3B6274F}"
EndProject
Project("{FAE04EC0-301F-11D3-BF4B-00C04F79EFBC}") = "Common.Services.Logging", "Common.Services.Logging\Common.Services.Logging.csproj", "{31A3F165-4E77-4B88-988B-39EBF30C531A}"
EndProject
Project("{FAE04EC0-301F-11D3-BF4B-00C04F79EFBC}") = "Common.Services", "Common.Services\Common.Services.csproj", "{83923E10-73A7-48F8-B6D6-06A14AE8887B}"
EndProject
Project("{2150E333-8FDC-42A3-9474-1A3956D46DE8}") = "codespikes", "codespikes", "{BF86F6DF-AE94-45C2-B2A4-8452BF805BB7}"
EndProject
Project("{FAE04EC0-301F-11D3-BF4B-00C04F79EFBC}") = "RabbitMqLogger", "..\..\..\codespikes\MicroFramework\RabbitMq\RabbitMqLogger\RabbitMqLogger.csproj", "{E238AC34-0584-4404-AEBC-8E9266346EEF}"
EndProject
Project("{FAE04EC0-301F-11D3-BF4B-00C04F79EFBC}") = "Common.Networking", "Common.Networking\Common.Networking.csproj", "{12EC6CE9-D302-4F07-B9B8-0D01E8070610}"
EndProject
Project("{FAE04EC0-301F-11D3-BF4B-00C04F79EFBC}") = "Common.Messaging", "Common.Networking.Messaging\Common.Messaging.csproj", "{00BCCAFF-91E1-4D8F-A796-A2C7A6701AC3}"
EndProject
Project("{FAE04EC0-301F-11D3-BF4B-00C04F79EFBC}") = "Common.FileManagement", "Common.IO.File\Common.FileManagement.csproj", "{81CAD237-E881-42B4-AC8B-4D4B2D19EE5B}"
EndProject
Project("{FAE04EC0-301F-11D3-BF4B-00C04F79EFBC}") = "Common.Helpers", "Common.Collections\Common.Helpers.csproj", "{3AC11F52-F852-42AA-B5DA-E5D671C20ADF}"
EndProject
Project("{FAE04EC0-301F-11D3-BF4B-00C04F79EFBC}") = "FrameworkPackager", "FrameworkPackager\FrameworkPackager.csproj", "{0451BAEF-DF2E-4B98-8644-94EE9415E389}"
EndProject
Project("{2150E333-8FDC-42A3-9474-1A3956D46DE8}") = "deployment", "deployment", "{07ABF418-4E2A-4B9D-B4B3-817CD5FE302E}"
EndProject
Global
	GlobalSection(SolutionConfigurationPlatforms) = preSolution
		Debug|Any CPU = Debug|Any CPU
		Debug|Mixed Platforms = Debug|Mixed Platforms
		Debug|x86 = Debug|x86
		Release|Any CPU = Release|Any CPU
		Release|Mixed Platforms = Release|Mixed Platforms
		Release|x86 = Release|x86
	EndGlobalSection
	GlobalSection(ProjectConfigurationPlatforms) = postSolution
		{E166C9CA-FE3B-4C73-AEE1-D3DA4A240174}.Debug|Any CPU.ActiveCfg = Debug|Any CPU
		{E166C9CA-FE3B-4C73-AEE1-D3DA4A240174}.Debug|Any CPU.Build.0 = Debug|Any CPU
		{E166C9CA-FE3B-4C73-AEE1-D3DA4A240174}.Debug|Mixed Platforms.ActiveCfg = Debug|Any CPU
		{E166C9CA-FE3B-4C73-AEE1-D3DA4A240174}.Debug|Mixed Platforms.Build.0 = Debug|Any CPU
		{E166C9CA-FE3B-4C73-AEE1-D3DA4A240174}.Debug|x86.ActiveCfg = Debug|Any CPU
		{E166C9CA-FE3B-4C73-AEE1-D3DA4A240174}.Release|Any CPU.ActiveCfg = Release|Any CPU
		{E166C9CA-FE3B-4C73-AEE1-D3DA4A240174}.Release|Any CPU.Build.0 = Release|Any CPU
		{E166C9CA-FE3B-4C73-AEE1-D3DA4A240174}.Release|Mixed Platforms.ActiveCfg = Release|Any CPU
		{E166C9CA-FE3B-4C73-AEE1-D3DA4A240174}.Release|Mixed Platforms.Build.0 = Release|Any CPU
		{E166C9CA-FE3B-4C73-AEE1-D3DA4A240174}.Release|x86.ActiveCfg = Release|Any CPU
		{A72001AF-A51E-4906-B060-588C9D569728}.Debug|Any CPU.ActiveCfg = Debug|Any CPU
		{A72001AF-A51E-4906-B060-588C9D569728}.Debug|Any CPU.Build.0 = Debug|Any CPU
		{A72001AF-A51E-4906-B060-588C9D569728}.Debug|Mixed Platforms.ActiveCfg = Debug|Any CPU
		{A72001AF-A51E-4906-B060-588C9D569728}.Debug|Mixed Platforms.Build.0 = Debug|Any CPU
		{A72001AF-A51E-4906-B060-588C9D569728}.Debug|x86.ActiveCfg = Debug|Any CPU
		{A72001AF-A51E-4906-B060-588C9D569728}.Release|Any CPU.ActiveCfg = Release|Any CPU
		{A72001AF-A51E-4906-B060-588C9D569728}.Release|Any CPU.Build.0 = Release|Any CPU
		{A72001AF-A51E-4906-B060-588C9D569728}.Release|Mixed Platforms.ActiveCfg = Release|Any CPU
		{A72001AF-A51E-4906-B060-588C9D569728}.Release|Mixed Platforms.Build.0 = Release|Any CPU
		{A72001AF-A51E-4906-B060-588C9D569728}.Release|x86.ActiveCfg = Release|Any CPU
		{0C9780A3-B68C-4BAE-AFF9-ECC2A3860F4E}.Debug|Any CPU.ActiveCfg = Debug|Any CPU
		{0C9780A3-B68C-4BAE-AFF9-ECC2A3860F4E}.Debug|Any CPU.Build.0 = Debug|Any CPU
		{0C9780A3-B68C-4BAE-AFF9-ECC2A3860F4E}.Debug|Mixed Platforms.ActiveCfg = Debug|Any CPU
		{0C9780A3-B68C-4BAE-AFF9-ECC2A3860F4E}.Debug|Mixed Platforms.Build.0 = Debug|Any CPU
		{0C9780A3-B68C-4BAE-AFF9-ECC2A3860F4E}.Debug|x86.ActiveCfg = Debug|Any CPU
		{0C9780A3-B68C-4BAE-AFF9-ECC2A3860F4E}.Release|Any CPU.ActiveCfg = Release|Any CPU
		{0C9780A3-B68C-4BAE-AFF9-ECC2A3860F4E}.Release|Any CPU.Build.0 = Release|Any CPU
		{0C9780A3-B68C-4BAE-AFF9-ECC2A3860F4E}.Release|Mixed Platforms.ActiveCfg = Release|Any CPU
		{0C9780A3-B68C-4BAE-AFF9-ECC2A3860F4E}.Release|Mixed Platforms.Build.0 = Release|Any CPU
		{0C9780A3-B68C-4BAE-AFF9-ECC2A3860F4E}.Release|x86.ActiveCfg = Release|Any CPU
		{485F690B-5965-485F-9092-3D19F3B6274F}.Debug|Any CPU.ActiveCfg = Debug|Any CPU
		{485F690B-5965-485F-9092-3D19F3B6274F}.Debug|Any CPU.Build.0 = Debug|Any CPU
		{485F690B-5965-485F-9092-3D19F3B6274F}.Debug|Mixed Platforms.ActiveCfg = Debug|Any CPU
		{485F690B-5965-485F-9092-3D19F3B6274F}.Debug|Mixed Platforms.Build.0 = Debug|Any CPU
		{485F690B-5965-485F-9092-3D19F3B6274F}.Debug|x86.ActiveCfg = Debug|Any CPU
		{485F690B-5965-485F-9092-3D19F3B6274F}.Release|Any CPU.ActiveCfg = Release|Any CPU
		{485F690B-5965-485F-9092-3D19F3B6274F}.Release|Any CPU.Build.0 = Release|Any CPU
		{485F690B-5965-485F-9092-3D19F3B6274F}.Release|Mixed Platforms.ActiveCfg = Release|Any CPU
		{485F690B-5965-485F-9092-3D19F3B6274F}.Release|Mixed Platforms.Build.0 = Release|Any CPU
		{485F690B-5965-485F-9092-3D19F3B6274F}.Release|x86.ActiveCfg = Release|Any CPU
		{31A3F165-4E77-4B88-988B-39EBF30C531A}.Debug|Any CPU.ActiveCfg = Debug|Any CPU
		{31A3F165-4E77-4B88-988B-39EBF30C531A}.Debug|Any CPU.Build.0 = Debug|Any CPU
		{31A3F165-4E77-4B88-988B-39EBF30C531A}.Debug|Mixed Platforms.ActiveCfg = Debug|Any CPU
		{31A3F165-4E77-4B88-988B-39EBF30C531A}.Debug|Mixed Platforms.Build.0 = Debug|Any CPU
		{31A3F165-4E77-4B88-988B-39EBF30C531A}.Debug|x86.ActiveCfg = Debug|Any CPU
		{31A3F165-4E77-4B88-988B-39EBF30C531A}.Release|Any CPU.ActiveCfg = Release|Any CPU
		{31A3F165-4E77-4B88-988B-39EBF30C531A}.Release|Any CPU.Build.0 = Release|Any CPU
		{31A3F165-4E77-4B88-988B-39EBF30C531A}.Release|Mixed Platforms.ActiveCfg = Release|Any CPU
		{31A3F165-4E77-4B88-988B-39EBF30C531A}.Release|Mixed Platforms.Build.0 = Release|Any CPU
		{31A3F165-4E77-4B88-988B-39EBF30C531A}.Release|x86.ActiveCfg = Release|Any CPU
		{83923E10-73A7-48F8-B6D6-06A14AE8887B}.Debug|Any CPU.ActiveCfg = Debug|Any CPU
		{83923E10-73A7-48F8-B6D6-06A14AE8887B}.Debug|Any CPU.Build.0 = Debug|Any CPU
		{83923E10-73A7-48F8-B6D6-06A14AE8887B}.Debug|Mixed Platforms.ActiveCfg = Debug|Any CPU
		{83923E10-73A7-48F8-B6D6-06A14AE8887B}.Debug|Mixed Platforms.Build.0 = Debug|Any CPU
		{83923E10-73A7-48F8-B6D6-06A14AE8887B}.Debug|x86.ActiveCfg = Debug|Any CPU
		{83923E10-73A7-48F8-B6D6-06A14AE8887B}.Release|Any CPU.ActiveCfg = Release|Any CPU
		{83923E10-73A7-48F8-B6D6-06A14AE8887B}.Release|Any CPU.Build.0 = Release|Any CPU
		{83923E10-73A7-48F8-B6D6-06A14AE8887B}.Release|Mixed Platforms.ActiveCfg = Release|Any CPU
		{83923E10-73A7-48F8-B6D6-06A14AE8887B}.Release|Mixed Platforms.Build.0 = Release|Any CPU
		{83923E10-73A7-48F8-B6D6-06A14AE8887B}.Release|x86.ActiveCfg = Release|Any CPU
		{E238AC34-0584-4404-AEBC-8E9266346EEF}.Debug|Any CPU.ActiveCfg = Debug|Any CPU
		{E238AC34-0584-4404-AEBC-8E9266346EEF}.Debug|Any CPU.Build.0 = Debug|Any CPU
		{E238AC34-0584-4404-AEBC-8E9266346EEF}.Debug|Any CPU.Deploy.0 = Debug|Any CPU
		{E238AC34-0584-4404-AEBC-8E9266346EEF}.Debug|Mixed Platforms.ActiveCfg = Debug|Any CPU
		{E238AC34-0584-4404-AEBC-8E9266346EEF}.Debug|Mixed Platforms.Build.0 = Debug|Any CPU
		{E238AC34-0584-4404-AEBC-8E9266346EEF}.Debug|Mixed Platforms.Deploy.0 = Debug|Any CPU
		{E238AC34-0584-4404-AEBC-8E9266346EEF}.Debug|x86.ActiveCfg = Debug|Any CPU
		{E238AC34-0584-4404-AEBC-8E9266346EEF}.Release|Any CPU.ActiveCfg = Release|Any CPU
		{E238AC34-0584-4404-AEBC-8E9266346EEF}.Release|Any CPU.Build.0 = Release|Any CPU
		{E238AC34-0584-4404-AEBC-8E9266346EEF}.Release|Any CPU.Deploy.0 = Release|Any CPU
		{E238AC34-0584-4404-AEBC-8E9266346EEF}.Release|Mixed Platforms.ActiveCfg = Release|Any CPU
		{E238AC34-0584-4404-AEBC-8E9266346EEF}.Release|Mixed Platforms.Build.0 = Release|Any CPU
		{E238AC34-0584-4404-AEBC-8E9266346EEF}.Release|Mixed Platforms.Deploy.0 = Release|Any CPU
		{E238AC34-0584-4404-AEBC-8E9266346EEF}.Release|x86.ActiveCfg = Release|Any CPU
		{12EC6CE9-D302-4F07-B9B8-0D01E8070610}.Debug|Any CPU.ActiveCfg = Debug|Any CPU
		{12EC6CE9-D302-4F07-B9B8-0D01E8070610}.Debug|Any CPU.Build.0 = Debug|Any CPU
		{12EC6CE9-D302-4F07-B9B8-0D01E8070610}.Debug|Mixed Platforms.ActiveCfg = Debug|Any CPU
		{12EC6CE9-D302-4F07-B9B8-0D01E8070610}.Debug|Mixed Platforms.Build.0 = Debug|Any CPU
		{12EC6CE9-D302-4F07-B9B8-0D01E8070610}.Debug|x86.ActiveCfg = Debug|Any CPU
		{12EC6CE9-D302-4F07-B9B8-0D01E8070610}.Release|Any CPU.ActiveCfg = Release|Any CPU
		{12EC6CE9-D302-4F07-B9B8-0D01E8070610}.Release|Any CPU.Build.0 = Release|Any CPU
		{12EC6CE9-D302-4F07-B9B8-0D01E8070610}.Release|Mixed Platforms.ActiveCfg = Release|Any CPU
		{12EC6CE9-D302-4F07-B9B8-0D01E8070610}.Release|Mixed Platforms.Build.0 = Release|Any CPU
		{12EC6CE9-D302-4F07-B9B8-0D01E8070610}.Release|x86.ActiveCfg = Release|Any CPU
		{00BCCAFF-91E1-4D8F-A796-A2C7A6701AC3}.Debug|Any CPU.ActiveCfg = Debug|Any CPU
		{00BCCAFF-91E1-4D8F-A796-A2C7A6701AC3}.Debug|Any CPU.Build.0 = Debug|Any CPU
		{00BCCAFF-91E1-4D8F-A796-A2C7A6701AC3}.Debug|Mixed Platforms.ActiveCfg = Debug|Any CPU
		{00BCCAFF-91E1-4D8F-A796-A2C7A6701AC3}.Debug|Mixed Platforms.Build.0 = Debug|Any CPU
		{00BCCAFF-91E1-4D8F-A796-A2C7A6701AC3}.Debug|x86.ActiveCfg = Debug|Any CPU
		{00BCCAFF-91E1-4D8F-A796-A2C7A6701AC3}.Release|Any CPU.ActiveCfg = Release|Any CPU
		{00BCCAFF-91E1-4D8F-A796-A2C7A6701AC3}.Release|Any CPU.Build.0 = Release|Any CPU
		{00BCCAFF-91E1-4D8F-A796-A2C7A6701AC3}.Release|Mixed Platforms.ActiveCfg = Release|Any CPU
		{00BCCAFF-91E1-4D8F-A796-A2C7A6701AC3}.Release|Mixed Platforms.Build.0 = Release|Any CPU
		{00BCCAFF-91E1-4D8F-A796-A2C7A6701AC3}.Release|x86.ActiveCfg = Release|Any CPU
		{81CAD237-E881-42B4-AC8B-4D4B2D19EE5B}.Debug|Any CPU.ActiveCfg = Debug|Any CPU
		{81CAD237-E881-42B4-AC8B-4D4B2D19EE5B}.Debug|Any CPU.Build.0 = Debug|Any CPU
		{81CAD237-E881-42B4-AC8B-4D4B2D19EE5B}.Debug|Mixed Platforms.ActiveCfg = Debug|Any CPU
		{81CAD237-E881-42B4-AC8B-4D4B2D19EE5B}.Debug|Mixed Platforms.Build.0 = Debug|Any CPU
		{81CAD237-E881-42B4-AC8B-4D4B2D19EE5B}.Debug|x86.ActiveCfg = Debug|Any CPU
		{81CAD237-E881-42B4-AC8B-4D4B2D19EE5B}.Release|Any CPU.ActiveCfg = Release|Any CPU
		{81CAD237-E881-42B4-AC8B-4D4B2D19EE5B}.Release|Any CPU.Build.0 = Release|Any CPU
		{81CAD237-E881-42B4-AC8B-4D4B2D19EE5B}.Release|Mixed Platforms.ActiveCfg = Release|Any CPU
		{81CAD237-E881-42B4-AC8B-4D4B2D19EE5B}.Release|Mixed Platforms.Build.0 = Release|Any CPU
		{81CAD237-E881-42B4-AC8B-4D4B2D19EE5B}.Release|x86.ActiveCfg = Release|Any CPU
		{3AC11F52-F852-42AA-B5DA-E5D671C20ADF}.Debug|Any CPU.ActiveCfg = Debug|Any CPU
		{3AC11F52-F852-42AA-B5DA-E5D671C20ADF}.Debug|Any CPU.Build.0 = Debug|Any CPU
		{3AC11F52-F852-42AA-B5DA-E5D671C20ADF}.Debug|Mixed Platforms.ActiveCfg = Debug|Any CPU
		{3AC11F52-F852-42AA-B5DA-E5D671C20ADF}.Debug|Mixed Platforms.Build.0 = Debug|Any CPU
		{3AC11F52-F852-42AA-B5DA-E5D671C20ADF}.Debug|x86.ActiveCfg = Debug|Any CPU
		{3AC11F52-F852-42AA-B5DA-E5D671C20ADF}.Release|Any CPU.ActiveCfg = Release|Any CPU
		{3AC11F52-F852-42AA-B5DA-E5D671C20ADF}.Release|Any CPU.Build.0 = Release|Any CPU
		{3AC11F52-F852-42AA-B5DA-E5D671C20ADF}.Release|Mixed Platforms.ActiveCfg = Release|Any CPU
		{3AC11F52-F852-42AA-B5DA-E5D671C20ADF}.Release|Mixed Platforms.Build.0 = Release|Any CPU
		{3AC11F52-F852-42AA-B5DA-E5D671C20ADF}.Release|x86.ActiveCfg = Release|Any CPU
		{0451BAEF-DF2E-4B98-8644-94EE9415E389}.Debug|Any CPU.ActiveCfg = Debug|Any CPU
		{0451BAEF-DF2E-4B98-8644-94EE9415E389}.Debug|Any CPU.Build.0 = Debug|Any CPU
		{0451BAEF-DF2E-4B98-8644-94EE9415E389}.Debug|Mixed Platforms.ActiveCfg = Debug|Any CPU
		{0451BAEF-DF2E-4B98-8644-94EE9415E389}.Debug|Mixed Platforms.Build.0 = Debug|Any CPU
		{0451BAEF-DF2E-4B98-8644-94EE9415E389}.Debug|x86.ActiveCfg = Debug|Any CPU
		{0451BAEF-DF2E-4B98-8644-94EE9415E389}.Debug|x86.Build.0 = Debug|Any CPU
		{0451BAEF-DF2E-4B98-8644-94EE9415E389}.Release|Any CPU.ActiveCfg = Release|Any CPU
		{0451BAEF-DF2E-4B98-8644-94EE9415E389}.Release|Any CPU.Build.0 = Release|Any CPU
		{0451BAEF-DF2E-4B98-8644-94EE9415E389}.Release|Mixed Platforms.ActiveCfg = Release|Any CPU
		{0451BAEF-DF2E-4B98-8644-94EE9415E389}.Release|Mixed Platforms.Build.0 = Release|Any CPU
		{0451BAEF-DF2E-4B98-8644-94EE9415E389}.Release|x86.ActiveCfg = Release|Any CPU
		{0451BAEF-DF2E-4B98-8644-94EE9415E389}.Release|x86.Build.0 = Release|Any CPU
	EndGlobalSection
	GlobalSection(SolutionProperties) = preSolution
		HideSolutionNode = FALSE
	EndGlobalSection
	GlobalSection(NestedProjects) = preSolution
		{E166C9CA-FE3B-4C73-AEE1-D3DA4A240174} = {055EAADB-DCCD-43E0-A923-1A5EAF8305A4}
		{A72001AF-A51E-4906-B060-588C9D569728} = {055EAADB-DCCD-43E0-A923-1A5EAF8305A4}
		{0C9780A3-B68C-4BAE-AFF9-ECC2A3860F4E} = {055EAADB-DCCD-43E0-A923-1A5EAF8305A4}
		{485F690B-5965-485F-9092-3D19F3B6274F} = {055EAADB-DCCD-43E0-A923-1A5EAF8305A4}
		{31A3F165-4E77-4B88-988B-39EBF30C531A} = {055EAADB-DCCD-43E0-A923-1A5EAF8305A4}
		{83923E10-73A7-48F8-B6D6-06A14AE8887B} = {055EAADB-DCCD-43E0-A923-1A5EAF8305A4}
		{E238AC34-0584-4404-AEBC-8E9266346EEF} = {BF86F6DF-AE94-45C2-B2A4-8452BF805BB7}
		{12EC6CE9-D302-4F07-B9B8-0D01E8070610} = {055EAADB-DCCD-43E0-A923-1A5EAF8305A4}
		{00BCCAFF-91E1-4D8F-A796-A2C7A6701AC3} = {055EAADB-DCCD-43E0-A923-1A5EAF8305A4}
		{81CAD237-E881-42B4-AC8B-4D4B2D19EE5B} = {055EAADB-DCCD-43E0-A923-1A5EAF8305A4}
		{3AC11F52-F852-42AA-B5DA-E5D671C20ADF} = {055EAADB-DCCD-43E0-A923-1A5EAF8305A4}
		{0451BAEF-DF2E-4B98-8644-94EE9415E389} = {07ABF418-4E2A-4B9D-B4B3-817CD5FE302E}
	EndGlobalSection
EndGlobal
